
Microsoft Visual Studio Solution File, Format Version 12.00
# Visual Studio 14
VisualStudioVersion = 14.0.24720.0
MinimumVisualStudioVersion = 10.0.40219.1
Project("{FAE04EC0-301F-11D3-BF4B-00C04F79EFBC}") = "Harj5", "Harj5\Harj5.csproj", "{86815BEA-7C91-463F-A3DF-F2063BC3D648}"
EndProject
Global
	GlobalSection(SolutionConfigurationPlatforms) = preSolution
		Debug|Any CPU = Debug|Any CPU
		Release|Any CPU = Release|Any CPU
	EndGlobalSection
	GlobalSection(ProjectConfigurationPlatforms) = postSolution
		{86815BEA-7C91-463F-A3DF-F2063BC3D648}.Debug|Any CPU.ActiveCfg = Debug|Any CPU
		{86815BEA-7C91-463F-A3DF-F2063BC3D648}.Debug|Any CPU.Build.0 = Debug|Any CPU
		{86815BEA-7C91-463F-A3DF-F2063BC3D648}.Release|Any CPU.ActiveCfg = Release|Any CPU
		{86815BEA-7C91-463F-A3DF-F2063BC3D648}.Release|Any CPU.Build.0 = Release|Any CPU
	EndGlobalSection
	GlobalSection(SolutionProperties) = preSolution
		HideSolutionNode = FALSE
	EndGlobalSection
EndGlobal
